{
  "requires": true,
  "lockfileVersion": 1,
  "dependencies": {
    "all-the-package-names": {
      "version": "1.3905.0",
      "resolved": "https://registry.npmjs.org/all-the-package-names/-/all-the-package-names-1.3905.0.tgz",
      "integrity": "sha512-9RfShW7rs1Y7Z62aJRlL1NYbmjDoK0R59GaaZxE8SFqOx4MfHsfJjJOIPFluwvcRfNsnUSsNzVBF4lSbkJzkcA=="
    }
  }
}
